
Microsoft Visual Studio Solution File, Format Version 12.00
# Visual Studio Version 17
VisualStudioVersion = 17.3.32922.545
MinimumVisualStudioVersion = 10.0.40219.1
Project("{FAE04EC0-301F-11D3-BF4B-00C04F79EFBC}") = "rabbitturtle", "rabbitturtle\rabbitturtle.csproj", "{58FC974B-AA50-4EBF-9663-0BB7EADF802C}"
EndProject
Global
	GlobalSection(SolutionConfigurationPlatforms) = preSolution
		Debug|Any CPU = Debug|Any CPU
		Release|Any CPU = Release|Any CPU
	EndGlobalSection
	GlobalSection(ProjectConfigurationPlatforms) = postSolution
		{58FC974B-AA50-4EBF-9663-0BB7EADF802C}.Debug|Any CPU.ActiveCfg = Debug|Any CPU
		{58FC974B-AA50-4EBF-9663-0BB7EADF802C}.Debug|Any CPU.Build.0 = Debug|Any CPU
		{58FC974B-AA50-4EBF-9663-0BB7EADF802C}.Release|Any CPU.ActiveCfg = Release|Any CPU
		{58FC974B-AA50-4EBF-9663-0BB7EADF802C}.Release|Any CPU.Build.0 = Release|Any CPU
	EndGlobalSection
	GlobalSection(SolutionProperties) = preSolution
		HideSolutionNode = FALSE
	EndGlobalSection
	GlobalSection(ExtensibilityGlobals) = postSolution
		SolutionGuid = {DD1A121A-4E9F-43C6-8C60-48330DEF8543}
	EndGlobalSection
EndGlobal
